{
  "nodes": {
    "authentik": {
      "inputs": {
        "authentik-go": "authentik-go",
        "authentik-src": "authentik-src",
        "flake-compat": [],
        "flake-parts": [
          "flake-parts"
        ],
        "flake-utils": [
          "flake-utils"
        ],
        "napalm": "napalm",
        "nixpkgs": [
          "nixpkgs"
        ],
        "pyproject-build-systems": "pyproject-build-systems",
        "pyproject-nix": "pyproject-nix",
        "systems": [
          "systems"
        ],
        "uv2nix": "uv2nix"
      },
      "locked": {
        "lastModified": 1778858849,
        "narHash": "sha256-EGnvtleQWfN95o5AwE1vkGVlH/J1uP4LstlW1OHLzSY=",
        "owner": "nix-community",
        "repo": "authentik-nix",
        "rev": "451a9a1d27ca4f7a23145442e0f88ae9eb4e5651",
        "type": "github"
      },
      "original": {
        "owner": "nix-community",
        "repo": "authentik-nix",
        "type": "github"
      }
    },
    "authentik-go": {
      "flake": false,
      "locked": {
        "lastModified": 1778672763,
        "narHash": "sha256-K0dzj+GnajGz63Gp+NYyhanjhtDxpzCKpmdIZYMfz/M=",
        "owner": "goauthentik",
        "repo": "client-go",
        "rev": "58f64509446aab6bc2d9b1fe36be19b5f2a3b4a8",
        "type": "github"
      },
      "original": {
        "owner": "goauthentik",
        "repo": "client-go",
        "type": "github"
      }
    },
    "authentik-src": {
      "flake": false,
      "locked": {
        "lastModified": 1778615640,
        "narHash": "sha256-tTBGwajdtEPuk36va5HgnnqR8sTuSwIt/c48bIinRlA=",
        "owner": "goauthentik",
        "repo": "authentik",
        "rev": "095e2897d52397962d153be2d689cedcdb71906c",
        "type": "github"
      },
      "original": {
        "owner": "goauthentik",
        "ref": "version/2026.2.3",
        "repo": "authentik",
        "type": "github"
      }
    },
    "blobs": {
      "flake": false,
      "locked": {
        "lastModified": 1604995301,
        "narHash": "sha256-wcLzgLec6SGJA8fx1OEN1yV/Py5b+U5iyYpksUY/yLw=",
        "owner": "simple-nixos-mailserver",
        "repo": "blobs",
        "rev": "2cccdf1ca48316f2cfd1c9a0017e8de5a7156265",
        "type": "gitlab"
      },
      "original": {
        "owner": "simple-nixos-mailserver",
        "repo": "blobs",
        "type": "gitlab"
      }
    },
    "build-gradle-application": {
      "inputs": {
        "flake-parts": "flake-parts_2",
        "nixpkgs": [
          "ical-proxy",
          "nixpkgs"
        ],
        "systems": "systems_2"
      },
      "locked": {
        "lastModified": 1764521413,
        "narHash": "sha256-N1MTc6cz2sF33+1gpIFjUIsEwNOdZazfrK+NuUAUfGY=",
        "owner": "raphiz",
        "repo": "buildGradleApplication",
        "rev": "ee11e6ca94048c7c09681e5126f8c3556717d93d",
        "type": "github"
      },
      "original": {
        "owner": "raphiz",
        "repo": "buildGradleApplication",
        "type": "github"
      }
    },
    "build-gradle-application_2": {
      "inputs": {
        "flake-parts": "flake-parts_4",
        "nixpkgs": [
          "tcs-bot",
          "nixpkgs"
        ],
        "systems": "systems_5"
      },
      "locked": {
        "lastModified": 1764521413,
        "narHash": "sha256-N1MTc6cz2sF33+1gpIFjUIsEwNOdZazfrK+NuUAUfGY=",
        "owner": "raphiz",
        "repo": "buildGradleApplication",
        "rev": "ee11e6ca94048c7c09681e5126f8c3556717d93d",
        "type": "github"
      },
      "original": {
        "owner": "raphiz",
        "repo": "buildGradleApplication",
        "type": "github"
      }
    },
    "bun2nix": {
      "inputs": {
        "flake-parts": "flake-parts_3",
        "nixpkgs": [
          "omeduostuurcentenneef-web",
          "nixpkgs"
        ],
        "systems": "systems_3",
        "treefmt-nix": "treefmt-nix"
      },
      "locked": {
        "lastModified": 1778446047,
        "narHash": "sha256-oQvcadh2BCkrog+SGrG6YffKJrveYpjj3TdQJWaKhaM=",
        "owner": "nix-community",
        "repo": "bun2nix",
        "rev": "f2bc12af1a6369648aac41041ceeaa0b866599c6",
        "type": "github"
      },
      "original": {
        "owner": "nix-community",
        "repo": "bun2nix",
        "type": "github"
      }
    },
    "copyparty": {
      "inputs": {
        "flake-utils": [
          "flake-utils"
        ],
        "nixpkgs": [
          "nixpkgs"
        ]
      },
      "locked": {
        "lastModified": 1779323261,
        "narHash": "sha256-M0Kuq4sxSRZ6AiXkPZ8sA3vL2I6UDnqEyXBEmR1n/Ow=",
        "owner": "9001",
        "repo": "copyparty",
        "rev": "1f4246c6bb514d558f87a731d2eba99a5d0adff1",
        "type": "github"
      },
      "original": {
        "owner": "9001",
        "repo": "copyparty",
        "type": "github"
      }
    },
    "deploy-rs": {
      "inputs": {
        "flake-compat": [],
        "nixpkgs": [
          "nixpkgs"
        ],
        "utils": "utils"
      },
      "locked": {
        "lastModified": 1770019181,
        "narHash": "sha256-hwsYgDnby50JNVpTRYlF3UR/Rrpt01OrxVuryF40CFY=",
        "owner": "serokell",
        "repo": "deploy-rs",
        "rev": "77c906c0ba56aabdbc72041bf9111b565cdd6171",
        "type": "github"
      },
      "original": {
        "owner": "serokell",
        "repo": "deploy-rs",
        "type": "github"
      }
    },
    "disko": {
      "inputs": {
        "nixpkgs": [
          "nixpkgs"
        ]
      },
      "locked": {
        "lastModified": 1779226674,
        "narHash": "sha256-wuOkjI6pRiN4sEn/EPBRnNW5cmcpvd7xtIM8y5LooAs=",
        "owner": "nix-community",
        "repo": "disko",
        "rev": "65fb947964bd44fc0008faf77d1fcb7a9f40bb32",
        "type": "github"
      },
      "original": {
        "owner": "nix-community",
        "repo": "disko",
        "type": "github"
      }
    },
    "flake-parts": {
      "inputs": {
        "nixpkgs-lib": [
          "nixpkgs-lib"
        ]
      },
      "locked": {
        "lastModified": 1778716662,
        "narHash": "sha256-m1Yf0wZ8j1OHjTc2UwHwyQRSnNeSgLJOd7q5Y45hzi4=",
        "owner": "hercules-ci",
        "repo": "flake-parts",
        "rev": "f7c1a2d347e4c52d5fb8d10cb4d94b5884e546fb",
        "type": "github"
      },
      "original": {
        "owner": "hercules-ci",
        "repo": "flake-parts",
        "type": "github"
      }
    },
    "flake-parts_2": {
      "inputs": {
        "nixpkgs-lib": [
          "ical-proxy",
          "build-gradle-application",
          "nixpkgs"
        ]
      },
      "locked": {
        "lastModified": 1763759067,
        "narHash": "sha256-LlLt2Jo/gMNYAwOgdRQBrsRoOz7BPRkzvNaI/fzXi2Q=",
        "owner": "hercules-ci",
        "repo": "flake-parts",
        "rev": "2cccadc7357c0ba201788ae99c4dfa90728ef5e0",
        "type": "github"
      },
      "original": {
        "owner": "hercules-ci",
        "repo": "flake-parts",
        "type": "github"
      }
    },
    "flake-parts_3": {
      "inputs": {
        "nixpkgs-lib": [
          "omeduostuurcentenneef-web",
          "bun2nix",
          "nixpkgs"
        ]
      },
      "locked": {
        "lastModified": 1777988971,
        "narHash": "sha256-qIoWPDs+0/8JecyYgE3gpKQxW/4bLW/gp45vow9ioCQ=",
        "owner": "hercules-ci",
        "repo": "flake-parts",
        "rev": "0678d8986be1661af6bb555f3489f2fdfc31f6ff",
        "type": "github"
      },
      "original": {
        "owner": "hercules-ci",
        "repo": "flake-parts",
        "type": "github"
      }
    },
    "flake-parts_4": {
      "inputs": {
        "nixpkgs-lib": [
          "tcs-bot",
          "build-gradle-application",
          "nixpkgs"
        ]
      },
      "locked": {
        "lastModified": 1763759067,
        "narHash": "sha256-LlLt2Jo/gMNYAwOgdRQBrsRoOz7BPRkzvNaI/fzXi2Q=",
        "owner": "hercules-ci",
        "repo": "flake-parts",
        "rev": "2cccadc7357c0ba201788ae99c4dfa90728ef5e0",
        "type": "github"
      },
      "original": {
        "owner": "hercules-ci",
        "repo": "flake-parts",
        "type": "github"
      }
    },
    "flake-utils": {
      "inputs": {
        "systems": [
          "systems"
        ]
      },
      "locked": {
        "lastModified": 1731533236,
        "narHash": "sha256-l0KFg5HjrsfsO/JpG+r7fRrqm12kzFHyUHqHCVpMMbI=",
        "owner": "numtide",
        "repo": "flake-utils",
        "rev": "11707dc2f618dd54ca8739b309ec4fc024de578b",
        "type": "github"
      },
      "original": {
        "owner": "numtide",
        "repo": "flake-utils",
        "type": "github"
      }
    },
    "home-manager": {
      "inputs": {
        "nixpkgs": [
          "nixpkgs"
        ]
      },
      "locked": {
        "lastModified": 1779336838,
        "narHash": "sha256-n1+l78hJRABp4cQHKeD0BVByT0vZLPqd09Tvoq8Q+d8=",
        "owner": "nix-community",
        "repo": "home-manager",
        "rev": "928d72376949e222ea4f07b44828a55b0136422e",
        "type": "github"
      },
      "original": {
        "owner": "nix-community",
        "repo": "home-manager",
        "type": "github"
      }
    },
    "ical-proxy": {
      "inputs": {
        "build-gradle-application": "build-gradle-application",
        "flake-parts": [
          "flake-parts"
        ],
        "nixpkgs": [
          "nixpkgs"
        ],
        "treefmt-nix": [
          "treefmt-nix"
        ]
      },
      "locked": {
        "lastModified": 1779387401,
        "narHash": "sha256-q0pko3LroDE++5qDxyKA5KI6uEjQ0p3JOAIG8P+NGAE=",
        "ref": "refs/heads/master",
        "rev": "14b0d4d5eb374a68f1f87a23d58ef00d8024b490",
        "revCount": 11,
        "type": "git",
        "url": "ssh://forgejo@git.bartoostveen.nl/bart/ical-proxy.git"
      },
      "original": {
        "type": "git",
        "url": "ssh://forgejo@git.bartoostveen.nl/bart/ical-proxy.git"
      }
    },
    "import-tree": {
      "locked": {
        "lastModified": 1778781969,
        "narHash": "sha256-Jjuz5CmSkur8KvLDoGa+vylEp+RkQtv4mt/qcMznpH0=",
        "owner": "vic",
        "repo": "import-tree",
        "rev": "d321337efd0f23a9eb14a42adb7b2c29313ab274",
        "type": "github"
      },
      "original": {
        "owner": "vic",
        "repo": "import-tree",
        "type": "github"
      }
    },
    "invoice": {
      "inputs": {
        "flake-parts": [
          "flake-parts"
        ],
        "nixpkgs": [
          "nixpkgs"
        ],
        "treefmt-nix": [
          "treefmt-nix"
        ]
      },
      "locked": {
        "lastModified": 1775519174,
        "narHash": "sha256-1ph3KT/pYsDI0mauuMc/egP/6mWeYMHdoIalRy9ve4Y=",
        "owner": "bartoostveen",
        "repo": "invoice",
        "rev": "f5e5c402cd726531d3a0639fcbdbcb33d46c5004",
        "type": "github"
      },
      "original": {
        "owner": "bartoostveen",
        "repo": "invoice",
        "type": "github"
      }
    },
    "meowbot": {
      "inputs": {
        "flake-parts": [
          "flake-parts"
        ],
        "nixpkgs": [
          "nixpkgs"
        ],
        "treefmt-nix": [
          "treefmt-nix"
        ]
      },
      "locked": {
        "lastModified": 1779382134,
        "narHash": "sha256-uUVvJCAv89UrRWROVJ92GyQU0BiXW+V93Mq+I803lCU=",
        "ref": "refs/heads/master",
        "rev": "96ed3dc945a28281f378ca581bb71e9eeb69c556",
        "revCount": 14,
        "type": "git",
        "url": "ssh://forgejo@git.bartoostveen.nl/bart/meowbot.git"
      },
      "original": {
        "type": "git",
        "url": "ssh://forgejo@git.bartoostveen.nl/bart/meowbot.git"
      }
    },
    "meshcoretomqtt": {
      "inputs": {
        "flake-parts": [
          "flake-parts"
        ],
        "flake-utils": [
          "flake-utils"
        ],
        "nixpkgs": [
          "nixpkgs"
        ],
        "treefmt-nix": [
          "treefmt-nix"
        ]
      },
      "locked": {
        "lastModified": 1776611414,
        "narHash": "sha256-EwXPlYIBcKPlPgioVFtlie4lcIMiH834b6WJYtY2bnI=",
        "owner": "Cisien",
        "repo": "meshcoretomqtt",
        "rev": "2691923f90ed6d4d94407ec4a08c29b176b3a31c",
        "type": "github"
      },
      "original": {
        "owner": "Cisien",
        "repo": "meshcoretomqtt",
        "rev": "2691923f90ed6d4d94407ec4a08c29b176b3a31c",
        "type": "github"
      }
    },
    "napalm": {
      "inputs": {
        "flake-utils": [
          "authentik",
          "flake-utils"
        ],
        "nixpkgs": [
          "authentik",
          "nixpkgs"
        ]
      },
      "locked": {
        "lastModified": 1725806412,
        "narHash": "sha256-lGZjkjds0p924QEhm/r0BhAxbHBJE1xMOldB/HmQH04=",
        "owner": "willibutz",
        "repo": "napalm",
        "rev": "b492440d9e64ae20736d3bec5c7715ffcbde83f5",
        "type": "github"
      },
      "original": {
        "owner": "willibutz",
        "ref": "avoid-foldl-stack-overflow",
        "repo": "napalm",
        "type": "github"
      }
    },
    "nix-auth": {
      "inputs": {
        "flake-parts": [
          "flake-parts"
        ],
        "nixpkgs": [
          "nixpkgs"
        ],
        "treefmt-nix": [
          "treefmt-nix"
        ]
      },
      "locked": {
        "lastModified": 1778728751,
        "narHash": "sha256-J8VySL959EhtwSGgxmIjdW3bbLln4HTjHMyZxRTqqGM=",
        "owner": "numtide",
        "repo": "nix-auth",
        "rev": "7af96c1b01444146ef89844fdca93acbafe7e066",
        "type": "github"
      },
      "original": {
        "owner": "numtide",
        "repo": "nix-auth",
        "type": "github"
      }
    },
    "nix-index-database": {
      "inputs": {
        "nixpkgs": [
          "nixpkgs"
        ]
      },
      "locked": {
        "lastModified": 1778999127,
        "narHash": "sha256-V5GquqJvAqwFTcpN6hxKSQAtwuJFRUEHmyNKbeaTQDg=",
        "owner": "nix-community",
        "repo": "nix-index-database",
        "rev": "f680e0d3c1dbefe298c423691662e238496890f2",
        "type": "github"
      },
      "original": {
        "owner": "nix-community",
        "repo": "nix-index-database",
        "type": "github"
      }
    },
    "nixos-facter-modules": {
      "locked": {
        "lastModified": 1773858690,
        "narHash": "sha256-oW0/lC0oRG5H5LaK6Rmh9L1wmkn9TbenM4bXwnIEDKA=",
        "owner": "numtide",
        "repo": "nixos-facter-modules",
        "rev": "139dcef4dfc97009629c445806f197883351ab4a",
        "type": "github"
      },
      "original": {
        "owner": "numtide",
        "repo": "nixos-facter-modules",
        "type": "github"
      }
    },
    "nixos-mailserver": {
      "inputs": {
        "blobs": "blobs",
        "flake-compat": [],
        "git-hooks": [],
        "nixpkgs": [
          "nixpkgs"
        ]
      },
      "locked": {
        "lastModified": 1777568900,
        "narHash": "sha256-cpr5MEdAL1Nslp0VvZzpc1aQMs7svqFWZnhfBx9Cqyo=",
        "owner": "bartoostveen",
        "repo": "nixos-mailserver",
        "rev": "7fe9a86a75baf675dbf51fb9e20d1f1522eafe8e",
        "type": "gitlab"
      },
      "original": {
        "owner": "bartoostveen",
        "ref": "ldap/email",
        "repo": "nixos-mailserver",
        "type": "gitlab"
      }
    },
    "nixos-small": {
      "locked": {
        "lastModified": 1779350018,
        "narHash": "sha256-fHMrI2uuDNdQy0X6vgDdLoAHEMV4phk8OLtNMra7Vyk=",
        "owner": "nixos",
        "repo": "nixpkgs",
        "rev": "657e2fa0760e27167cdacb1ec5d84782be312013",
        "type": "github"
      },
      "original": {
        "owner": "nixos",
        "ref": "nixos-unstable-small",
        "repo": "nixpkgs",
        "type": "github"
      }
    },
    "nixpkgs": {
      "locked": {
        "lastModified": 1778869304,
        "narHash": "sha256-30sZNZoA1cqF5JNO9fVX+wgiQYjB7HJqqJ4ztCDeBZE=",
        "owner": "nixos",
        "repo": "nixpkgs",
        "rev": "d233902339c02a9c334e7e593de68855ad26c4cb",
        "type": "github"
      },
      "original": {
        "owner": "nixos",
        "ref": "nixos-unstable",
        "repo": "nixpkgs",
        "type": "github"
      }
    },
    "nixpkgs-continuwuity": {
      "locked": {
        "lastModified": 1778192304,
        "narHash": "sha256-bjYwoHqTvaD6rNiCsMi7OkbTv/OVdtsxiOXQN70C+Ek=",
        "owner": "bartoostveen",
        "repo": "nixpkgs",
        "rev": "0794c7edb1d08696fe62d606dfaafa7568ead4cf",
        "type": "github"
      },
      "original": {
        "owner": "bartoostveen",
        "ref": "continuwuity-0.5.9",
        "repo": "nixpkgs",
        "type": "github"
      }
    },
    "nixpkgs-lib": {
      "locked": {
        "lastModified": 1778984393,
        "narHash": "sha256-r755Kh5Q0XBTPNuv9rL2rsUJTq8BDhb+lIwRWhl6yYA=",
        "owner": "nix-community",
        "repo": "nixpkgs.lib",
        "rev": "0d14a58ab7aa3f513c58ccc9e47e77ffd92be204",
        "type": "github"
      },
      "original": {
        "owner": "nix-community",
        "repo": "nixpkgs.lib",
        "type": "github"
      }
    },
    "nixpkgs-stable": {
      "locked": {
        "lastModified": 1769318308,
        "narHash": "sha256-Mjx6p96Pkefks3+aA+72lu1xVehb6mv2yTUUqmSet6Q=",
        "owner": "nixos",
        "repo": "nixpkgs",
        "rev": "1cd347bf3355fce6c64ab37d3967b4a2cb4b878c",
        "type": "github"
      },
      "original": {
        "owner": "nixos",
        "repo": "nixpkgs",
        "rev": "1cd347bf3355fce6c64ab37d3967b4a2cb4b878c",
        "type": "github"
      }
    },
    "omeduostuurcentenneef-web": {
      "inputs": {
        "bun2nix": "bun2nix",
        "flake-parts": [
          "flake-parts"
        ],
        "nixpkgs": [
          "nixpkgs"
        ],
        "treefmt-nix": [
          "treefmt-nix"
        ]
      },
      "locked": {
        "lastModified": 1779382265,
        "narHash": "sha256-+/qsAxc6fKQoQOu0ZB6RXi7ny+xFCGWv1+6uskZYXXo=",
        "ref": "refs/heads/master",
        "rev": "afcb370ed19b959d82044f328b58457234e74794",
        "revCount": 35,
        "type": "git",
        "url": "ssh://forgejo@git.bartoostveen.nl/bart/omeduoweb"
      },
      "original": {
        "type": "git",
        "url": "ssh://forgejo@git.bartoostveen.nl/bart/omeduoweb"
      }
    },
    "onboarding": {
      "inputs": {
        "flake-parts": [
          "flake-parts"
        ],
        "nixpkgs": [
          "nixpkgs"
        ],
        "treefmt-nix": [
          "treefmt-nix"
        ]
      },
      "locked": {
        "lastModified": 1779382203,
        "narHash": "sha256-9SNkpK+xC1gzD3NNLG/JmtRkAFVe7VNPklU5FW/hBhg=",
        "ref": "refs/heads/master",
        "rev": "e795018104b60c6965e013a9506451f4ed0bd749",
        "revCount": 26,
        "type": "git",
        "url": "ssh://forgejo@git.bartoostveen.nl/bart/simple-authentik-user-onboarding"
      },
      "original": {
        "type": "git",
        "url": "ssh://forgejo@git.bartoostveen.nl/bart/simple-authentik-user-onboarding"
      }
    },
    "plasma-manager": {
      "inputs": {
        "home-manager": [
          "home-manager"
        ],
        "nixpkgs": [
          "nixpkgs"
        ]
      },
      "locked": {
        "lastModified": 1775856943,
        "narHash": "sha256-b7Mp7P+q2Md5AGt4rjHfMcBykzMumFTen10ST++AuTU=",
        "owner": "nix-community",
        "repo": "plasma-manager",
        "rev": "a524a6160e6df89f7673ba293cf7d78b559eb1a5",
        "type": "github"
      },
      "original": {
        "owner": "nix-community",
        "repo": "plasma-manager",
        "type": "github"
      }
    },
    "prismlauncher-nixpkgs": {
      "locked": {
        "lastModified": 1757441125,
        "narHash": "sha256-9RpnHoDZBwh5q9EYywXcsXfbFQHzZDr+A3oxLcF6jZo=",
        "owner": "nixos",
        "repo": "nixpkgs",
        "rev": "077cb3aa7d111ff4d36e8bd18d906bb4a3d621f9",
        "type": "github"
      },
      "original": {
        "owner": "nixos",
        "repo": "nixpkgs",
        "rev": "077cb3aa7d111ff4d36e8bd18d906bb4a3d621f9",
        "type": "github"
      }
    },
    "pyproject-build-systems": {
      "inputs": {
        "nixpkgs": [
          "authentik",
          "nixpkgs"
        ],
        "pyproject-nix": [
          "authentik",
          "pyproject-nix"
        ],
        "uv2nix": [
          "authentik",
          "uv2nix"
        ]
      },
      "locked": {
        "lastModified": 1776659114,
        "narHash": "sha256-qapCOQmR++yZSY43dzrp3wCrkOTLpod+ONtJWBk6iKU=",
        "owner": "pyproject-nix",
        "repo": "build-system-pkgs",
        "rev": "ffaa2161dd5d63e0e94591f86b54fc239660fb2e",
        "type": "github"
      },
      "original": {
        "owner": "pyproject-nix",
        "repo": "build-system-pkgs",
        "type": "github"
      }
    },
    "pyproject-nix": {
      "inputs": {
        "nixpkgs": [
          "authentik",
          "nixpkgs"
        ]
      },
      "locked": {
        "lastModified": 1776715674,
        "narHash": "sha256-Gs1VnEkCkkRZxJQAC/Dhz0Jbfi22mFXChbtNg9w/Ybg=",
        "owner": "pyproject-nix",
        "repo": "pyproject.nix",
        "rev": "69f57f27e52a87c54e28138a75ec741cd46663c9",
        "type": "github"
      },
      "original": {
        "owner": "pyproject-nix",
        "repo": "pyproject.nix",
        "type": "github"
      }
    },
    "root": {
      "inputs": {
        "authentik": "authentik",
        "copyparty": "copyparty",
        "deploy-rs": "deploy-rs",
        "disko": "disko",
        "flake-parts": "flake-parts",
        "flake-utils": "flake-utils",
        "home-manager": "home-manager",
        "ical-proxy": "ical-proxy",
        "import-tree": "import-tree",
        "invoice": "invoice",
        "meowbot": "meowbot",
        "meshcoretomqtt": "meshcoretomqtt",
        "nix-auth": "nix-auth",
        "nix-index-database": "nix-index-database",
        "nixos-facter-modules": "nixos-facter-modules",
        "nixos-mailserver": "nixos-mailserver",
        "nixos-small": "nixos-small",
        "nixpkgs": "nixpkgs",
        "nixpkgs-continuwuity": "nixpkgs-continuwuity",
        "nixpkgs-lib": "nixpkgs-lib",
        "nixpkgs-stable": "nixpkgs-stable",
        "omeduostuurcentenneef-web": "omeduostuurcentenneef-web",
        "onboarding": "onboarding",
        "plasma-manager": "plasma-manager",
        "prismlauncher-nixpkgs": "prismlauncher-nixpkgs",
        "sops-nix": "sops-nix",
        "srvos": "srvos",
        "systems": "systems_4",
        "tcs-bot": "tcs-bot",
        "tlsa-exporter": "tlsa-exporter",
        "treefmt-nix": "treefmt-nix_2"
      }
    },
    "sops-nix": {
      "inputs": {
        "nixpkgs": [
          "nixpkgs"
        ]
      },
      "locked": {
        "lastModified": 1777944972,
        "narHash": "sha256-VfGRo1qTBKOe3s2gOv8LSoA6Fk19PvBlwQ1ECN0Evn8=",
        "owner": "Mic92",
        "repo": "sops-nix",
        "rev": "c591bf665727040c6cc5cb409079acb22dcce33c",
        "type": "github"
      },
      "original": {
        "owner": "Mic92",
        "repo": "sops-nix",
        "type": "github"
      }
    },
    "srvos": {
      "inputs": {
        "nixpkgs": [
          "nixpkgs"
        ]
      },
      "locked": {
        "lastModified": 1779334510,
        "narHash": "sha256-TMHl/kIdkutf3t5/+IhZGRUbyUtWATnIWDVbRsWRIpE=",
        "owner": "nix-community",
        "repo": "srvos",
        "rev": "f385edc79c0a0218a1e1f332bce1c58fd9e57949",
        "type": "github"
      },
      "original": {
        "owner": "nix-community",
        "repo": "srvos",
        "type": "github"
      }
    },
    "systems": {
      "locked": {
        "lastModified": 1681028828,
        "narHash": "sha256-Vy1rq5AaRuLzOxct8nz4T6wlgyUR7zLU309k9mBC768=",
        "owner": "nix-systems",
        "repo": "default",
        "rev": "da67096a3b9bf56a91d16901293e51ba5b49a27e",
        "type": "github"
      },
      "original": {
        "owner": "nix-systems",
        "repo": "default",
        "type": "github"
      }
    },
    "systems_2": {
      "locked": {
        "lastModified": 1681028828,
        "narHash": "sha256-Vy1rq5AaRuLzOxct8nz4T6wlgyUR7zLU309k9mBC768=",
        "owner": "nix-systems",
        "repo": "default",
        "rev": "da67096a3b9bf56a91d16901293e51ba5b49a27e",
        "type": "github"
      },
      "original": {
        "owner": "nix-systems",
        "repo": "default",
        "type": "github"
      }
    },
    "systems_3": {
      "locked": {
        "lastModified": 1681028828,
        "narHash": "sha256-Vy1rq5AaRuLzOxct8nz4T6wlgyUR7zLU309k9mBC768=",
        "owner": "nix-systems",
        "repo": "default",
        "rev": "da67096a3b9bf56a91d16901293e51ba5b49a27e",
        "type": "github"
      },
      "original": {
        "owner": "nix-systems",
        "repo": "default",
        "type": "github"
      }
    },
    "systems_4": {
      "locked": {
        "lastModified": 1681028828,
        "narHash": "sha256-Vy1rq5AaRuLzOxct8nz4T6wlgyUR7zLU309k9mBC768=",
        "owner": "nix-systems",
        "repo": "default",
        "rev": "da67096a3b9bf56a91d16901293e51ba5b49a27e",
        "type": "github"
      },
      "original": {
        "owner": "nix-systems",
        "repo": "default",
        "type": "github"
      }
    },
    "systems_5": {
      "locked": {
        "lastModified": 1681028828,
        "narHash": "sha256-Vy1rq5AaRuLzOxct8nz4T6wlgyUR7zLU309k9mBC768=",
        "owner": "nix-systems",
        "repo": "default",
        "rev": "da67096a3b9bf56a91d16901293e51ba5b49a27e",
        "type": "github"
      },
      "original": {
        "owner": "nix-systems",
        "repo": "default",
        "type": "github"
      }
    },
    "tcs-bot": {
      "inputs": {
        "build-gradle-application": "build-gradle-application_2",
        "flake-parts": [
          "flake-parts"
        ],
        "nixpkgs": [
          "nixpkgs"
        ],
        "treefmt-nix": [
          "treefmt-nix"
        ]
      },
      "locked": {
        "lastModified": 1779382187,
        "narHash": "sha256-VePD3DlEYGh2jXI6WWQbHtEY8uPMgJEoxE/2PuOOAiY=",
        "owner": "bartoostveen",
        "repo": "tcs-bot",
        "rev": "76933ab6668d2e4c2be5e21024ffa394837d2d14",
        "type": "github"
      },
      "original": {
        "owner": "bartoostveen",
        "repo": "tcs-bot",
        "type": "github"
      }
    },
    "tlsa-exporter": {
      "flake": false,
      "locked": {
        "lastModified": 1749709915,
        "narHash": "sha256-5c3epExz3tv6gRiIfpDyV1pkfcRVWjtNpl93LWsYKdk=",
        "owner": "ietf-tools",
        "repo": "mail-tlsa-check-exporter",
        "rev": "9843bf85971fbe130e8cd32e6fcf0dfcee92e929",
        "type": "github"
      },
      "original": {
        "owner": "ietf-tools",
        "repo": "mail-tlsa-check-exporter",
        "type": "github"
      }
    },
    "treefmt-nix": {
      "inputs": {
        "nixpkgs": [
          "omeduostuurcentenneef-web",
          "bun2nix",
          "nixpkgs"
        ]
      },
      "locked": {
        "lastModified": 1775636079,
        "narHash": "sha256-pc20NRoMdiar8oPQceQT47UUZMBTiMdUuWrYu2obUP0=",
        "owner": "numtide",
        "repo": "treefmt-nix",
        "rev": "790751ff7fd3801feeaf96d7dc416a8d581265ba",
        "type": "github"
      },
      "original": {
        "owner": "numtide",
        "repo": "treefmt-nix",
        "type": "github"
      }
    },
    "treefmt-nix_2": {
      "inputs": {
        "nixpkgs": [
          "nixpkgs"
        ]
      },
      "locked": {
        "lastModified": 1775636079,
        "narHash": "sha256-pc20NRoMdiar8oPQceQT47UUZMBTiMdUuWrYu2obUP0=",
        "owner": "numtide",
        "repo": "treefmt-nix",
        "rev": "790751ff7fd3801feeaf96d7dc416a8d581265ba",
        "type": "github"
      },
      "original": {
        "owner": "numtide",
        "repo": "treefmt-nix",
        "type": "github"
      }
    },
    "utils": {
      "inputs": {
        "systems": "systems"
      },
      "locked": {
        "lastModified": 1731533236,
        "narHash": "sha256-l0KFg5HjrsfsO/JpG+r7fRrqm12kzFHyUHqHCVpMMbI=",
        "owner": "numtide",
        "repo": "flake-utils",
        "rev": "11707dc2f618dd54ca8739b309ec4fc024de578b",
        "type": "github"
      },
      "original": {
        "owner": "numtide",
        "repo": "flake-utils",
        "type": "github"
      }
    },
    "uv2nix": {
      "inputs": {
        "nixpkgs": [
          "authentik",
          "nixpkgs"
        ],
        "pyproject-nix": [
          "authentik",
          "pyproject-nix"
        ]
      },
      "locked": {
        "lastModified": 1778664018,
        "narHash": "sha256-ogNyNANNLo0SMFevIeUpbTMOL9uUDu/hXvp7JlOYbwQ=",
        "owner": "pyproject-nix",
        "repo": "uv2nix",
        "rev": "b48abe99ef639cd100c224898529370e5d935294",
        "type": "github"
      },
      "original": {
        "owner": "pyproject-nix",
        "repo": "uv2nix",
        "type": "github"
      }
    }
  },
  "root": "root",
  "version": 7
}
